{
  "name": "sliq",
  "version": "1.0.0",
  "lockfileVersion": 1,
  "requires": true,
  "dependencies": {
    "child-process-async": {
      "version": "1.0.1",
      "resolved": "https://registry.npmjs.org/child-process-async/-/child-process-async-1.0.1.tgz",
      "integrity": "sha512-5azrGe+ED5oBFgspraK+A5Uqg1RQ7vsh7auoxvOWsRF3KxbiPLd9zX/DAq2zD5WV+Z4xyMbWSOHkXWy51EsK9g=="
    },
    "minimist": {
      "version": "1.2.0",
      "resolved": "https://registry.npmjs.org/minimist/-/minimist-1.2.0.tgz",
      "integrity": "sha1-o1AIsg9BOD7sH7kU9M1d95omQoQ="
    }
  }
}
